
Microsoft Visual Studio Solution File, Format Version 12.00
# Visual Studio 15
VisualStudioVersion = 15.0.28307.168
MinimumVisualStudioVersion = 10.0.40219.1
Project("{FAE04EC0-301F-11D3-BF4B-00C04F79EFBC}") = "NetworkScanner", "ConsoleApp1\NetworkScanner.csproj", "{BEE6D3D4-BB04-429F-A091-17CA146E947E}"
EndProject
Global
	GlobalSection(SolutionConfigurationPlatforms) = preSolution
		Debug|Any CPU = Debug|Any CPU
		Release|Any CPU = Release|Any CPU
	EndGlobalSection
	GlobalSection(ProjectConfigurationPlatforms) = postSolution
		{BEE6D3D4-BB04-429F-A091-17CA146E947E}.Debug|Any CPU.ActiveCfg = Debug|Any CPU
		{BEE6D3D4-BB04-429F-A091-17CA146E947E}.Debug|Any CPU.Build.0 = Debug|Any CPU
		{BEE6D3D4-BB04-429F-A091-17CA146E947E}.Release|Any CPU.ActiveCfg = Release|Any CPU
		{BEE6D3D4-BB04-429F-A091-17CA146E947E}.Release|Any CPU.Build.0 = Release|Any CPU
	EndGlobalSection
	GlobalSection(SolutionProperties) = preSolution
		HideSolutionNode = FALSE
	EndGlobalSection
	GlobalSection(ExtensibilityGlobals) = postSolution
		SolutionGuid = {A6190BF8-2D7F-4AAA-AE66-35B817F4E74A}
	EndGlobalSection
EndGlobal
